
Microsoft Visual Studio Solution File, Format Version 12.00
# Visual Studio Version 17
VisualStudioVersion = 17.13.35806.99 d17.13
MinimumVisualStudioVersion = 10.0.40219.1
Project("{FAE04EC0-301F-11D3-BF4B-00C04F79EFBC}") = "DolgozoProject", "DolgozoProject.csproj", "{8C405743-9960-4B6D-8A70-EF120DC599DC}"
EndProject
Global
	GlobalSection(SolutionConfigurationPlatforms) = preSolution
		Debug|Any CPU = Debug|Any CPU
		Release|Any CPU = Release|Any CPU
	EndGlobalSection
	GlobalSection(ProjectConfigurationPlatforms) = postSolution
		{8C405743-9960-4B6D-8A70-EF120DC599DC}.Debug|Any CPU.ActiveCfg = Debug|Any CPU
		{8C405743-9960-4B6D-8A70-EF120DC599DC}.Debug|Any CPU.Build.0 = Debug|Any CPU
		{8C405743-9960-4B6D-8A70-EF120DC599DC}.Release|Any CPU.ActiveCfg = Release|Any CPU
		{8C405743-9960-4B6D-8A70-EF120DC599DC}.Release|Any CPU.Build.0 = Release|Any CPU
	EndGlobalSection
	GlobalSection(SolutionProperties) = preSolution
		HideSolutionNode = FALSE
	EndGlobalSection
	GlobalSection(ExtensibilityGlobals) = postSolution
		SolutionGuid = {74B0378F-D61D-4DE5-896A-3F520D8E0CEB}
	EndGlobalSection
EndGlobal
